
Microsoft Visual Studio Solution File, Format Version 12.00
# Visual Studio 15
VisualStudioVersion = 15.0.28307.489
MinimumVisualStudioVersion = 10.0.40219.1
Project("{F14B399A-7131-4C87-9E4B-1186C45EF12D}") = "FixingTreatmentPLaans", "FixingTreatmentPLaans\FixingTreatmentPLaans.rptproj", "{C161CFCF-C64C-457E-B1B0-938E9BD0CCD3}"
EndProject
Global
	GlobalSection(SolutionConfigurationPlatforms) = preSolution
		Debug|Default = Debug|Default
		DebugLocal|Default = DebugLocal|Default
		Release|Default = Release|Default
	EndGlobalSection
	GlobalSection(ProjectConfigurationPlatforms) = postSolution
		{C161CFCF-C64C-457E-B1B0-938E9BD0CCD3}.Debug|Default.ActiveCfg = Debug
		{C161CFCF-C64C-457E-B1B0-938E9BD0CCD3}.Debug|Default.Build.0 = Debug
		{C161CFCF-C64C-457E-B1B0-938E9BD0CCD3}.Debug|Default.Deploy.0 = Debug
		{C161CFCF-C64C-457E-B1B0-938E9BD0CCD3}.DebugLocal|Default.ActiveCfg = DebugLocal
		{C161CFCF-C64C-457E-B1B0-938E9BD0CCD3}.DebugLocal|Default.Build.0 = DebugLocal
		{C161CFCF-C64C-457E-B1B0-938E9BD0CCD3}.Release|Default.ActiveCfg = Release
		{C161CFCF-C64C-457E-B1B0-938E9BD0CCD3}.Release|Default.Build.0 = Release
		{C161CFCF-C64C-457E-B1B0-938E9BD0CCD3}.Release|Default.Deploy.0 = Release
	EndGlobalSection
	GlobalSection(SolutionProperties) = preSolution
		HideSolutionNode = FALSE
	EndGlobalSection
	GlobalSection(ExtensibilityGlobals) = postSolution
		SolutionGuid = {37D882E0-6FB2-4F23-8976-34A449D4E79B}
	EndGlobalSection
EndGlobal
