
Microsoft Visual Studio Solution File, Format Version 12.00
# Visual Studio 15
VisualStudioVersion = 15.0.28307.489
MinimumVisualStudioVersion = 10.0.40219.1
Project("{F14B399A-7131-4C87-9E4B-1186C45EF12D}") = "TPEndPages", "TPEndPages\TPEndPages.rptproj", "{7149AE47-BF62-4955-9955-6BBFC321A685}"
EndProject
Global
	GlobalSection(SolutionConfigurationPlatforms) = preSolution
		Debug|Default = Debug|Default
		DebugLocal|Default = DebugLocal|Default
		Release|Default = Release|Default
	EndGlobalSection
	GlobalSection(ProjectConfigurationPlatforms) = postSolution
		{7149AE47-BF62-4955-9955-6BBFC321A685}.Debug|Default.ActiveCfg = Debug
		{7149AE47-BF62-4955-9955-6BBFC321A685}.Debug|Default.Build.0 = Debug
		{7149AE47-BF62-4955-9955-6BBFC321A685}.Debug|Default.Deploy.0 = Debug
		{7149AE47-BF62-4955-9955-6BBFC321A685}.DebugLocal|Default.ActiveCfg = DebugLocal
		{7149AE47-BF62-4955-9955-6BBFC321A685}.DebugLocal|Default.Build.0 = DebugLocal
		{7149AE47-BF62-4955-9955-6BBFC321A685}.Release|Default.ActiveCfg = Release
		{7149AE47-BF62-4955-9955-6BBFC321A685}.Release|Default.Build.0 = Release
		{7149AE47-BF62-4955-9955-6BBFC321A685}.Release|Default.Deploy.0 = Release
	EndGlobalSection
	GlobalSection(SolutionProperties) = preSolution
		HideSolutionNode = FALSE
	EndGlobalSection
	GlobalSection(ExtensibilityGlobals) = postSolution
		SolutionGuid = {E8C2E7EC-E000-463C-81E3-923BED26E7A7}
	EndGlobalSection
EndGlobal
