
Microsoft Visual Studio Solution File, Format Version 12.00
# Visual Studio 15
VisualStudioVersion = 15.0.28307.489
MinimumVisualStudioVersion = 10.0.40219.1
Project("{F14B399A-7131-4C87-9E4B-1186C45EF12D}") = "Staff Credentialing", "Staff Credentialing\Staff Credentialing.rptproj", "{4AA476B3-5911-496A-99CC-77773AB5F840}"
EndProject
Global
	GlobalSection(SolutionConfigurationPlatforms) = preSolution
		Debug|Default = Debug|Default
		DebugLocal|Default = DebugLocal|Default
		Release|Default = Release|Default
	EndGlobalSection
	GlobalSection(ProjectConfigurationPlatforms) = postSolution
		{4AA476B3-5911-496A-99CC-77773AB5F840}.Debug|Default.ActiveCfg = Debug
		{4AA476B3-5911-496A-99CC-77773AB5F840}.Debug|Default.Build.0 = Debug
		{4AA476B3-5911-496A-99CC-77773AB5F840}.Debug|Default.Deploy.0 = Debug
		{4AA476B3-5911-496A-99CC-77773AB5F840}.DebugLocal|Default.ActiveCfg = DebugLocal
		{4AA476B3-5911-496A-99CC-77773AB5F840}.DebugLocal|Default.Build.0 = DebugLocal
		{4AA476B3-5911-496A-99CC-77773AB5F840}.Release|Default.ActiveCfg = Release
		{4AA476B3-5911-496A-99CC-77773AB5F840}.Release|Default.Build.0 = Release
		{4AA476B3-5911-496A-99CC-77773AB5F840}.Release|Default.Deploy.0 = Release
	EndGlobalSection
	GlobalSection(SolutionProperties) = preSolution
		HideSolutionNode = FALSE
	EndGlobalSection
	GlobalSection(ExtensibilityGlobals) = postSolution
		SolutionGuid = {48FF1708-F6D1-458A-835E-4627DD5D34A7}
	EndGlobalSection
EndGlobal
